/* This is a minimal Xcode project.pbxproj file for the AdvancedPortScanner iOS app.
   It includes the source files currently in ios_app directory.
   This file should be replaced with a full project generated by Xcode for production use.
*/

{
  archiveVersion = 1;
  classes = {
  };
  objectVersion = 55;
  objects = {

/* Begin PBXBuildFile section */
    1D6058900D05DD3D006BFB54 /* ContentView.swift in Sources */ = {isa = PBXBuildFile; fileRef = 1D60588F0D05DD3D006BFB54 /* ContentView.swift */; };
    1D6058910D05DD3D006BFB54 /* WirelessAttackView.swift in Sources */ = {isa = PBXBuildFile; fileRef = 1D6058910D05DD3D006BFB54 /* WirelessAttackView.swift */; };
    1D6058920D05DD3D006BFB54 /* ThemeManager.swift in Sources */ = {isa = PBXBuildFile; fileRef = 1D6058920D05DD3D006BFB54 /* ThemeManager.swift */; };
    1D6058930D05DD3D006BFB54 /* GamificationView.swift in Sources */ = {isa = PBXBuildFile; fileRef = 1D6058930D05DD3D006BFB54 /* GamificationView.swift */; };
    1D6058940D05DD3D006BFB54 /* ChatbotView.swift in Sources */ = {isa = PBXBuildFile; fileRef = 1D6058940D05DD3D006BFB54 /* ChatbotView.swift */; };
    1D6058950D05DD3D006BFB54 /* AIPredictiveScanView.swift in Sources */ = {isa = PBXBuildFile; fileRef = 1D6058950D05DD3D006BFB54 /* AIPredictiveScanView.swift */; };
    1D6058960D05DD3D006BFB54 /* ARVisualizationView.swift in Sources */ = {isa = PBXBuildFile; fileRef = 1D6058960D05DD3D006BFB54 /* ARVisualizationView.swift */; };
    1D6058970D05DD3D006BFB54 /* MonetizationView.swift in Sources */ = {isa = PBXBuildFile; fileRef = 1D6058970D05DD3D006BFB54 /* MonetizationView.swift */; };
    1D6058980D05DD3D006BFB54 /* AnalyticsDashboardView.swift in Sources */ = {isa = PBXBuildFile; fileRef = 1D6058980D05DD3D006BFB54 /* AnalyticsDashboardView.swift */; };
    1D6058990D05DD3D006BFB54 /* AdvancedFeaturesIntegration.swift in Sources */ = {isa = PBXBuildFile; fileRef = 1D6058990D05DD3D006BFB54 /* AdvancedFeaturesIntegration.swift */; };
    1D60589A0D05DD3D006BFB54 /* SecurityEnhancements.swift in Sources */ = {isa = PBXBuildFile; fileRef = 1D60589A0D05DD3D006BFB54 /* SecurityEnhancements.swift */; };
    1D60589B0D05DD3D006BFB54 /* App.swift in Sources */ = {isa = PBXBuildFile; fileRef = 1D60589B0D05DD3D006BFB54 /* App.swift */; };
/* End PBXBuildFile section */

/* Begin PBXFileReference section */
    1D60588F0D05DD3D006BFB54 /* ContentView.swift */ = {isa = PBXFileReference; lastKnownFileType = sourcecode.swift; path = ContentView.swift; sourceTree = "<group>"; };
    1D6058910D05DD3D006BFB54 /* WirelessAttackView.swift */ = {isa = PBXFileReference; lastKnownFileType = sourcecode.swift; path = WirelessAttackView.swift; sourceTree = "<group>"; };
    1D6058920D05DD3D006BFB54 /* ThemeManager.swift */ = {isa = PBXFileReference; lastKnownFileType = sourcecode.swift; path = ThemeManager.swift; sourceTree = "<group>"; };
    1D6058930D05DD3D006BFB54 /* GamificationView.swift */ = {isa = PBXFileReference; lastKnownFileType = sourcecode.swift; path = GamificationView.swift; sourceTree = "<group>"; };
    1D6058940D05DD3D006BFB54 /* ChatbotView.swift */ = {isa = PBXFileReference; lastKnownFileType = sourcecode.swift; path = ChatbotView.swift; sourceTree = "<group>"; };
    1D6058950D05DD3D006BFB54 /* AIPredictiveScanView.swift */ = {isa = PBXFileReference; lastKnownFileType = sourcecode.swift; path = AIPredictiveScanView.swift; sourceTree = "<group>"; };
    1D6058960D05DD3D006BFB54 /* ARVisualizationView.swift */ = {isa = PBXFileReference; lastKnownFileType = sourcecode.swift; path = ARVisualizationView.swift; sourceTree = "<group>"; };
    1D6058970D05DD3D006BFB54 /* MonetizationView.swift */ = {isa = PBXFileReference; lastKnownFileType = sourcecode.swift; path = MonetizationView.swift; sourceTree = "<group>"; };
    1D6058980D05DD3D006BFB54 /* AnalyticsDashboardView.swift */ = {isa = PBXFileReference; lastKnownFileType = sourcecode.swift; path = AnalyticsDashboardView.swift; sourceTree = "<group>"; };
    1D6058990D05DD3D006BFB54 /* AdvancedFeaturesIntegration.swift */ = {isa = PBXFileReference; lastKnownFileType = sourcecode.swift; path = AdvancedFeaturesIntegration.swift; sourceTree = "<group>"; };
    1D60589A0D05DD3D006BFB54 /* SecurityEnhancements.swift */ = {isa = PBXFileReference; lastKnownFileType = sourcecode.swift; path = SecurityEnhancements.swift; sourceTree = "<group>"; };
    1D60589B0D05DD3D006BFB54 /* App.swift */ = {isa = PBXFileReference; lastKnownFileType = sourcecode.swift; path = App.swift; sourceTree = "<group>"; };
/* End PBXFileReference section */

/* Begin PBXGroup section */
    1D60588E0D05DD3D006BFB54 = {
      isa = PBXGroup;
      children = (
        1D60588F0D05DD3D006BFB54 /* ContentView.swift */,
        1D6058910D05DD3D006BFB54 /* WirelessAttackView.swift */,
        1D6058920D05DD3D006BFB54 /* ThemeManager.swift */,
        1D6058930D05DD3D006BFB54 /* GamificationView.swift */,
        1D6058940D05DD3D006BFB54 /* ChatbotView.swift */,
        1D6058950D05DD3D006BFB54 /* AIPredictiveScanView.swift */,
        1D6058960D05DD3D006BFB54 /* ARVisualizationView.swift */,
        1D6058970D05DD3D006BFB54 /* MonetizationView.swift */,
        1D6058980D05DD3D006BFB54 /* AnalyticsDashboardView.swift */,
        1D6058990D05DD3D006BFB54 /* AdvancedFeaturesIntegration.swift */,
        1D60589A0D05DD3D006BFB54 /* SecurityEnhancements.swift */,
        1D60589B0D05DD3D006BFB54 /* App.swift */,
      );
      sourceTree = "<group>";
      name = "AdvancedPortScanner";
    };
/* End PBXGroup section */

/* Begin PBXProject section */
    1D60588D0D05DD3D006BFB54 /* Project object */ = {
      isa = PBXProject;
      attributes = {
        LastUpgradeCheck = 1400;
        ORGANIZATIONNAME = "morningstar";
        TargetAttributes = {
          1D60588C0D05DD3D006BFB54 = {
            CreatedOnToolsVersion = 1400;
          };
        };
      };
      buildConfigurationList = 1D60588B0D05DD3D006BFB54 /* Build configuration list for PBXProject */;
      compatibilityVersion = "Xcode 14.0";
      developmentRegion = en;
      hasScannedForEncodings = 0;
      knownRegions = (
        en,
      );
      mainGroup = 1D60588E0D05DD3D006BFB54;
      projectDirPath = "";
      projectRoot = "";
      targets = (
        1D60588C0D05DD3D006BFB54 /* AdvancedPortScanner */,
      );
    };
/* End PBXProject section */
}
