// !$*UTF8*$!
{
	archiveVersion = 1;
	classes = {
	};
	objectVersion = 54;
	objects = {

/* Begin PBXBuildFile section */
		B515B4E2ADD93DAD068EA634 /* Pods_ai_app_Port_Scanner_ios.framework in Frameworks */ = {isa = PBXBuildFile; fileRef = EA2068F38B66855919D1F5E8 /* Pods_ai_app_Port_Scanner_ios.framework */; };
/* End PBXBuildFile section */

/* Begin PBXFileReference section */
		20219FFF0464AE8BAD44CCC4 /* ai-app-Port-Scanner-ios.app */ = {isa = PBXFileReference; includeInIndex = 0; lastKnownFileType = wrapper.application; path = "ai-app-Port-Scanner-ios.app"; sourceTree = BUILT_PRODUCTS_DIR; };
		7F1C531B96A8C4A71FC1291A /* Pods-ai-app-Port-Scanner-ios.debug.xcconfig */ = {isa = PBXFileReference; includeInIndex = 1; lastKnownFileType = text.xcconfig; name = "Pods-ai-app-Port-Scanner-ios.debug.xcconfig"; path = "Target Support Files/Pods-ai-app-Port-Scanner-ios/Pods-ai-app-Port-Scanner-ios.debug.xcconfig"; sourceTree = "<group>"; };
		837A9D9776EBA14DAD06525E /* Pods-ai-app-Port-Scanner-ios.release.xcconfig */ = {isa = PBXFileReference; includeInIndex = 1; lastKnownFileType = text.xcconfig; name = "Pods-ai-app-Port-Scanner-ios.release.xcconfig"; path = "Target Support Files/Pods-ai-app-Port-Scanner-ios/Pods-ai-app-Port-Scanner-ios.release.xcconfig"; sourceTree = "<group>"; };
		8800871F0FC96CB43A611BF4 /* Info.plist */ = {isa = PBXFileReference; lastKnownFileType = text.plist; path = Info.plist; sourceTree = "<group>"; };
		EA2068F38B66855919D1F5E8 /* Pods_ai_app_Port_Scanner_ios.framework */ = {isa = PBXFileReference; explicitFileType = wrapper.framework; includeInIndex = 0; path = Pods_ai_app_Port_Scanner_ios.framework; sourceTree = BUILT_PRODUCTS_DIR; };
/* End PBXFileReference section */

/* Begin PBXFrameworksBuildPhase section */
		B09267AD77F4DFE6474B7178 /* Frameworks */ = {
			isa = PBXFrameworksBuildPhase;
			buildActionMask = 2147483647;
			files = (
				B515B4E2ADD93DAD068EA634 /* Pods_ai_app_Port_Scanner_ios.framework in Frameworks */,
			);
			runOnlyForDeploymentPostprocessing = 0;
		};
/* End PBXFrameworksBuildPhase section */

/* Begin PBXGroup section */
		02F0F2294AD24FDEBC2CDC19 /* Wireless */ = {
			isa = PBXGroup;
			children = (
			);
			path = Wireless;
			sourceTree = "<group>";
		};
		074E6EF1F50263B753CFC833 /* Sources */ = {
			isa = PBXGroup;
			children = (
				8800871F0FC96CB43A611BF4 /* Info.plist */,
				F4E19707B44FDC69079A255A /* Core */,
				8BC3B673EB446F71A2EA1BE2 /* Features */,
				964039112D825C7DCE6DC7A3 /* Utils */,
			);
			path = Sources;
			sourceTree = "<group>";
		};
		0D3B2ADF768B8F30E942CBF6 /* AR */ = {
			isa = PBXGroup;
			children = (
			);
			path = AR;
			sourceTree = "<group>";
		};
		351B5EBC25A036246E4842E3 /* Frameworks */ = {
			isa = PBXGroup;
			children = (
				EA2068F38B66855919D1F5E8 /* Pods_ai_app_Port_Scanner_ios.framework */,
			);
			name = Frameworks;
			sourceTree = "<group>";
		};
		4488D023349C6D345FA40F1F /* Pods */ = {
			isa = PBXGroup;
			children = (
				7F1C531B96A8C4A71FC1291A /* Pods-ai-app-Port-Scanner-ios.debug.xcconfig */,
				837A9D9776EBA14DAD06525E /* Pods-ai-app-Port-Scanner-ios.release.xcconfig */,
			);
			name = Pods;
			path = Pods;
			sourceTree = "<group>";
		};
		8BC3B673EB446F71A2EA1BE2 /* Features */ = {
			isa = PBXGroup;
			children = (
				E06B2DED74CFDD3B85E92B1F /* Analytics */,
				0D3B2ADF768B8F30E942CBF6 /* AR */,
				F5D2612600D4B8FD1317AE0C /* Scanning */,
				02F0F2294AD24FDEBC2CDC19 /* Wireless */,
			);
			path = Features;
			sourceTree = "<group>";
		};
		964039112D825C7DCE6DC7A3 /* Utils */ = {
			isa = PBXGroup;
			children = (
			);
			path = Utils;
			sourceTree = "<group>";
		};
		9947C1E4292BA8162CD7C4CD /* ai-app-Port-Scanner-ios */ = {
			isa = PBXGroup;
			children = (
				074E6EF1F50263B753CFC833 /* Sources */,
			);
			path = "ai-app-Port-Scanner-ios";
			sourceTree = "<group>";
		};
		DEBA162D83012288D579AF07 /* Products */ = {
			isa = PBXGroup;
			children = (
				20219FFF0464AE8BAD44CCC4 /* ai-app-Port-Scanner-ios.app */,
			);
			name = Products;
			sourceTree = "<group>";
		};
		DF5532008ACE10E1A20E33A0 = {
			isa = PBXGroup;
			children = (
				9947C1E4292BA8162CD7C4CD /* ai-app-Port-Scanner-ios */,
				DEBA162D83012288D579AF07 /* Products */,
				4488D023349C6D345FA40F1F /* Pods */,
				351B5EBC25A036246E4842E3 /* Frameworks */,
			);
			sourceTree = "<group>";
		};
		E06B2DED74CFDD3B85E92B1F /* Analytics */ = {
			isa = PBXGroup;
			children = (
			);
			path = Analytics;
			sourceTree = "<group>";
		};
		F4E19707B44FDC69079A255A /* Core */ = {
			isa = PBXGroup;
			children = (
			);
			path = Core;
			sourceTree = "<group>";
		};
		F5D2612600D4B8FD1317AE0C /* Scanning */ = {
			isa = PBXGroup;
			children = (
			);
			path = Scanning;
			sourceTree = "<group>";
		};
/* End PBXGroup section */

/* Begin PBXNativeTarget section */
		19BC8AD770162E2CB8CF84A0 /* ai-app-Port-Scanner-ios */ = {
			isa = PBXNativeTarget;
			buildConfigurationList = CDE1F547EBA8DAE4DAA658F1 /* Build configuration list for PBXNativeTarget "ai-app-Port-Scanner-ios" */;
			buildPhases = (
				6CD3F22AED4533539229278D /* [CP] Check Pods Manifest.lock */,
				43BA28B17ED8056627D9925F /* Sources */,
				B09267AD77F4DFE6474B7178 /* Frameworks */,
				5E091D02EE3869BF0C55D6A7 /* [CP] Embed Pods Frameworks */,
			);
			buildRules = (
			);
			dependencies = (
			);
			name = "ai-app-Port-Scanner-ios";
			productName = "ai-app-Port-Scanner-ios";
			productReference = 20219FFF0464AE8BAD44CCC4 /* ai-app-Port-Scanner-ios.app */;
			productType = "com.apple.product-type.application";
		};
/* End PBXNativeTarget section */

/* Begin PBXProject section */
		06DF32656AD507ACD6218B7B /* Project object */ = {
			isa = PBXProject;
			attributes = {
				BuildIndependentTargetsInParallel = YES;
				LastUpgradeCheck = 1500;
				TargetAttributes = {
					19BC8AD770162E2CB8CF84A0 = {
						DevelopmentTeam = YOUR_TEAM_ID;
					};
				};
			};
			buildConfigurationList = F7EC389C74E542BE03AF331C /* Build configuration list for PBXProject "ai-app-Port-Scanner-ios" */;
			compatibilityVersion = "Xcode 14.0";
			developmentRegion = en;
			hasScannedForEncodings = 0;
			knownRegions = (
				Base,
				en,
			);
			mainGroup = DF5532008ACE10E1A20E33A0;
			minimizedProjectReferenceProxies = 1;
			preferredProjectObjectVersion = 54;
			productRefGroup = DEBA162D83012288D579AF07 /* Products */;
			projectDirPath = "";
			projectRoot = "";
			targets = (
				19BC8AD770162E2CB8CF84A0 /* ai-app-Port-Scanner-ios */,
			);
		};
/* End PBXProject section */

/* Begin PBXShellScriptBuildPhase section */
		5E091D02EE3869BF0C55D6A7 /* [CP] Embed Pods Frameworks */ = {
			isa = PBXShellScriptBuildPhase;
			buildActionMask = 2147483647;
			files = (
			);
			inputFileListPaths = (
				"${PODS_ROOT}/Target Support Files/Pods-ai-app-Port-Scanner-ios/Pods-ai-app-Port-Scanner-ios-frameworks-${CONFIGURATION}-input-files.xcfilelist",
			);
			name = "[CP] Embed Pods Frameworks";
			outputFileListPaths = (
				"${PODS_ROOT}/Target Support Files/Pods-ai-app-Port-Scanner-ios/Pods-ai-app-Port-Scanner-ios-frameworks-${CONFIGURATION}-output-files.xcfilelist",
			);
			runOnlyForDeploymentPostprocessing = 0;
			shellPath = /bin/sh;
			shellScript = "\"${PODS_ROOT}/Target Support Files/Pods-ai-app-Port-Scanner-ios/Pods-ai-app-Port-Scanner-ios-frameworks.sh\"\n";
			showEnvVarsInLog = 0;
		};
		6CD3F22AED4533539229278D /* [CP] Check Pods Manifest.lock */ = {
			isa = PBXShellScriptBuildPhase;
			buildActionMask = 2147483647;
			files = (
			);
			inputFileListPaths = (
			);
			inputPaths = (
				"${PODS_PODFILE_DIR_PATH}/Podfile.lock",
				"${PODS_ROOT}/Manifest.lock",
			);
			name = "[CP] Check Pods Manifest.lock";
			outputFileListPaths = (
			);
			outputPaths = (
				"$(DERIVED_FILE_DIR)/Pods-ai-app-Port-Scanner-ios-checkManifestLockResult.txt",
			);
			runOnlyForDeploymentPostprocessing = 0;
			shellPath = /bin/sh;
			shellScript = "diff \"${PODS_PODFILE_DIR_PATH}/Podfile.lock\" \"${PODS_ROOT}/Manifest.lock\" > /dev/null\nif [ $? != 0 ] ; then\n    # print error to STDERR\n    echo \"error: The sandbox is not in sync with the Podfile.lock. Run 'pod install' or update your CocoaPods installation.\" >&2\n    exit 1\nfi\n# This output is used by Xcode 'outputs' to avoid re-running this script phase.\necho \"SUCCESS\" > \"${SCRIPT_OUTPUT_FILE_0}\"\n";
			showEnvVarsInLog = 0;
		};
/* End PBXShellScriptBuildPhase section */

/* Begin PBXSourcesBuildPhase section */
		43BA28B17ED8056627D9925F /* Sources */ = {
			isa = PBXSourcesBuildPhase;
			buildActionMask = 2147483647;
			files = (
			);
			runOnlyForDeploymentPostprocessing = 0;
		};
/* End PBXSourcesBuildPhase section */

/* Begin XCBuildConfiguration section */
		10AEC4395E2D3E507CDD0835 /* Debug */ = {
			isa = XCBuildConfiguration;
			baseConfigurationReference = 7F1C531B96A8C4A71FC1291A /* Pods-ai-app-Port-Scanner-ios.debug.xcconfig */;
			buildSettings = {
				ASSETCATALOG_COMPILER_APPICON_NAME = AppIcon;
				CODE_SIGN_IDENTITY = "iPhone Developer";
				DEVELOPMENT_TEAM = YOUR_TEAM_ID;
				INFOPLIST_FILE = PortScanner/Sources/Info.plist;
				LD_RUNPATH_SEARCH_PATHS = (
					"$(inherited)",
					"@executable_path/Frameworks",
				);
				PRODUCT_BUNDLE_IDENTIFIER = com.morningstar.portscanner;
				SDKROOT = iphoneos;
				TARGETED_DEVICE_FAMILY = "1,2";
			};
			name = Debug;
		};
		A0BBD56CF40C511A19F630FE /* Debug */ = {
			isa = XCBuildConfiguration;
			buildSettings = {
				ALWAYS_SEARCH_USER_PATHS = NO;
				CLANG_ANALYZER_NONNULL = YES;
				CLANG_ANALYZER_NUMBER_OBJECT_CONVERSION = YES_AGGRESSIVE;
				CLANG_CXX_LANGUAGE_STANDARD = "gnu++14";
				CLANG_CXX_LIBRARY = "libc++";
				CLANG_ENABLE_MODULES = YES;
				CLANG_ENABLE_OBJC_ARC = YES;
				CLANG_ENABLE_OBJC_WEAK = YES;
				CLANG_WARN_BLOCK_CAPTURE_AUTORELEASING = YES;
				CLANG_WARN_BOOL_CONVERSION = YES;
				CLANG_WARN_COMMA = YES;
				CLANG_WARN_CONSTANT_CONVERSION = YES;
				CLANG_WARN_DEPRECATED_OBJC_IMPLEMENTATIONS = YES;
				CLANG_WARN_DIRECT_OBJC_ISA_USAGE = YES_ERROR;
				CLANG_WARN_DOCUMENTATION_COMMENTS = YES;
				CLANG_WARN_EMPTY_BODY = YES;
				CLANG_WARN_ENUM_CONVERSION = YES;
				CLANG_WARN_INFINITE_RECURSION = YES;
				CLANG_WARN_INT_CONVERSION = YES;
				CLANG_WARN_NON_LITERAL_NULL_CONVERSION = YES;
				CLANG_WARN_OBJC_IMPLICIT_RETAIN_SELF = YES;
				CLANG_WARN_OBJC_LITERAL_CONVERSION = YES;
				CLANG_WARN_OBJC_ROOT_CLASS = YES_ERROR;
				CLANG_WARN_QUOTED_INCLUDE_IN_FRAMEWORK_HEADER = YES;
				CLANG_WARN_RANGE_LOOP_ANALYSIS = YES;
				CLANG_WARN_STRICT_PROTOTYPES = YES;
				CLANG_WARN_SUSPICIOUS_MOVE = YES;
				CLANG_WARN_UNGUARDED_AVAILABILITY = YES_AGGRESSIVE;
				CLANG_WARN_UNREACHABLE_CODE = YES;
				CLANG_WARN__DUPLICATE_METHOD_MATCH = YES;
				COPY_PHASE_STRIP = NO;
				DEBUG_INFORMATION_FORMAT = dwarf;
				ENABLE_STRICT_OBJC_MSGSEND = YES;
				ENABLE_TESTABILITY = YES;
				GCC_C_LANGUAGE_STANDARD = gnu11;
				GCC_DYNAMIC_NO_PIC = NO;
				GCC_NO_COMMON_BLOCKS = YES;
				GCC_OPTIMIZATION_LEVEL = 0;
				GCC_PREPROCESSOR_DEFINITIONS = (
					"$(inherited)",
					"DEBUG=1",
				);
				GCC_WARN_64_TO_32_BIT_CONVERSION = YES;
				GCC_WARN_ABOUT_RETURN_TYPE = YES_ERROR;
				GCC_WARN_UNDECLARED_SELECTOR = YES;
				GCC_WARN_UNINITIALIZED_AUTOS = YES_AGGRESSIVE;
				GCC_WARN_UNUSED_FUNCTION = YES;
				GCC_WARN_UNUSED_VARIABLE = YES;
				IPHONEOS_DEPLOYMENT_TARGET = 17.0;
				MTL_ENABLE_DEBUG_INFO = INCLUDE_SOURCE;
				MTL_FAST_MATH = YES;
				ONLY_ACTIVE_ARCH = YES;
				PRODUCT_NAME = "$(TARGET_NAME)";
				SDKROOT = iphoneos;
				SWIFT_ACTIVE_COMPILATION_CONDITIONS = DEBUG;
				SWIFT_OPTIMIZATION_LEVEL = "-Onone";
				SWIFT_VERSION = 5.0;
			};
			name = Debug;
		};
		AD8BD15392D24B1657A941E0 /* Release */ = {
			isa = XCBuildConfiguration;
			buildSettings = {
				ALWAYS_SEARCH_USER_PATHS = NO;
				CLANG_ANALYZER_NONNULL = YES;
				CLANG_ANALYZER_NUMBER_OBJECT_CONVERSION = YES_AGGRESSIVE;
				CLANG_CXX_LANGUAGE_STANDARD = "gnu++14";
				CLANG_CXX_LIBRARY = "libc++";
				CLANG_ENABLE_MODULES = YES;
				CLANG_ENABLE_OBJC_ARC = YES;
				CLANG_ENABLE_OBJC_WEAK = YES;
				CLANG_WARN_BLOCK_CAPTURE_AUTORELEASING = YES;
				CLANG_WARN_BOOL_CONVERSION = YES;
				CLANG_WARN_COMMA = YES;
				CLANG_WARN_CONSTANT_CONVERSION = YES;
				CLANG_WARN_DEPRECATED_OBJC_IMPLEMENTATIONS = YES;
				CLANG_WARN_DIRECT_OBJC_ISA_USAGE = YES_ERROR;
				CLANG_WARN_DOCUMENTATION_COMMENTS = YES;
				CLANG_WARN_EMPTY_BODY = YES;
				CLANG_WARN_ENUM_CONVERSION = YES;
				CLANG_WARN_INFINITE_RECURSION = YES;
				CLANG_WARN_INT_CONVERSION = YES;
				CLANG_WARN_NON_LITERAL_NULL_CONVERSION = YES;
				CLANG_WARN_OBJC_IMPLICIT_RETAIN_SELF = YES;
				CLANG_WARN_OBJC_LITERAL_CONVERSION = YES;
				CLANG_WARN_OBJC_ROOT_CLASS = YES_ERROR;
				CLANG_WARN_QUOTED_INCLUDE_IN_FRAMEWORK_HEADER = YES;
				CLANG_WARN_RANGE_LOOP_ANALYSIS = YES;
				CLANG_WARN_STRICT_PROTOTYPES = YES;
				CLANG_WARN_SUSPICIOUS_MOVE = YES;
				CLANG_WARN_UNGUARDED_AVAILABILITY = YES_AGGRESSIVE;
				CLANG_WARN_UNREACHABLE_CODE = YES;
				CLANG_WARN__DUPLICATE_METHOD_MATCH = YES;
				COPY_PHASE_STRIP = NO;
				DEBUG_INFORMATION_FORMAT = "dwarf-with-dsym";
				ENABLE_NS_ASSERTIONS = NO;
				ENABLE_STRICT_OBJC_MSGSEND = YES;
				GCC_C_LANGUAGE_STANDARD = gnu11;
				GCC_NO_COMMON_BLOCKS = YES;
				GCC_WARN_64_TO_32_BIT_CONVERSION = YES;
				GCC_WARN_ABOUT_RETURN_TYPE = YES_ERROR;
				GCC_WARN_UNDECLARED_SELECTOR = YES;
				GCC_WARN_UNINITIALIZED_AUTOS = YES_AGGRESSIVE;
				GCC_WARN_UNUSED_FUNCTION = YES;
				GCC_WARN_UNUSED_VARIABLE = YES;
				IPHONEOS_DEPLOYMENT_TARGET = 17.0;
				MTL_ENABLE_DEBUG_INFO = NO;
				MTL_FAST_MATH = YES;
				PRODUCT_NAME = "$(TARGET_NAME)";
				SDKROOT = iphoneos;
				SWIFT_COMPILATION_MODE = wholemodule;
				SWIFT_OPTIMIZATION_LEVEL = "-O";
				SWIFT_VERSION = 5.0;
			};
			name = Release;
		};
		DE7E69016A725035039A8E2E /* Release */ = {
			isa = XCBuildConfiguration;
			baseConfigurationReference = 837A9D9776EBA14DAD06525E /* Pods-ai-app-Port-Scanner-ios.release.xcconfig */;
			buildSettings = {
				ASSETCATALOG_COMPILER_APPICON_NAME = AppIcon;
				CODE_SIGN_IDENTITY = "iPhone Developer";
				DEVELOPMENT_TEAM = YOUR_TEAM_ID;
				INFOPLIST_FILE = PortScanner/Sources/Info.plist;
				LD_RUNPATH_SEARCH_PATHS = (
					"$(inherited)",
					"@executable_path/Frameworks",
				);
				PRODUCT_BUNDLE_IDENTIFIER = com.morningstar.portscanner;
				SDKROOT = iphoneos;
				TARGETED_DEVICE_FAMILY = "1,2";
			};
			name = Release;
		};
/* End XCBuildConfiguration section */

/* Begin XCConfigurationList section */
		CDE1F547EBA8DAE4DAA658F1 /* Build configuration list for PBXNativeTarget "ai-app-Port-Scanner-ios" */ = {
			isa = XCConfigurationList;
			buildConfigurations = (
				10AEC4395E2D3E507CDD0835 /* Debug */,
				DE7E69016A725035039A8E2E /* Release */,
			);
			defaultConfigurationIsVisible = 0;
			defaultConfigurationName = Debug;
		};
		F7EC389C74E542BE03AF331C /* Build configuration list for PBXProject "ai-app-Port-Scanner-ios" */ = {
			isa = XCConfigurationList;
			buildConfigurations = (
				A0BBD56CF40C511A19F630FE /* Debug */,
				AD8BD15392D24B1657A941E0 /* Release */,
			);
			defaultConfigurationIsVisible = 0;
			defaultConfigurationName = Debug;
		};
/* End XCConfigurationList section */
	};
	rootObject = 06DF32656AD507ACD6218B7B /* Project object */;
}
